hash: 751995ad9810ebf66707d6db7b75134a59e6350eb2ad7d21fa8b497fdd5337a4
updated: 2016-06-02T17:21:34.641634433-07:00
imports:
- name: github.com/apache/thrift
  version: 39a09ac5e49481d39dd1bcb6757ffe182e3df20a
  subpackages:
  - lib/go/thrift
- name: github.com/bmizerany/perks
  version: d9a9656a3a4b1c2864fdb44db2ef8619772d92aa
  subpackages:
  - quantile
- name: github.com/cactus/go-statsd-client
  version: 91c326c3f7bd20f0226d3d1c289dd9f8ce28d33d
  subpackages:
  - statsd
- name: github.com/davecgh/go-spew
  version: 5215b55f46b2b919f50a1df0eaa5886afe4e3b3d
  subpackages:
  - spew
- name: github.com/jessevdk/go-flags
  version: b9b882a3990882b05e02765f5df2cd3ad02874ee
- name: github.com/pmezard/go-difflib
  version: 792786c7400a136282c1664665ae0a8db921c6c2
  subpackages:
  - difflib
- name: github.com/samuel/go-thrift
  version: e9042807f4f5bf47563df6992d3ea0857313e2be
  subpackages:
  - parser
- name: github.com/streadway/quantile
  version: b0c588724d25ae13f5afb3d90efec0edc636432b
- name: github.com/stretchr/objx
  version: 1a9d0bb9f541897e62256577b352fdbc1fb4fd94
- name: github.com/stretchr/testify
  version: 8d64eb7173c7753d6419fd4a9caf057398611364
  subpackages:
  - assert
  - mock
  - require
- name: github.com/uber-go/atomic
  version: e682c1008ac17bf26d2e4b5ad6cdd08520ed0b22
- name: golang.org/x/net
  version: c4c3ea71919de159c9e246d7be66deb7f0a39a58
  subpackages:
  - context
- name: gopkg.in/yaml.v2
  version: a83829b6f1293c91addabc89d0571c246397bbf4
devImports: []
