hash: b4f64e94739bf6ca3b979bab59e231a6fdd32e7529dd984535b20380624ba7be
updated: 2017-01-09T17:21:52.421865991-08:00
imports:
- name: github.com/apache/thrift
  version: fac3f69725f507872e6d68afea5debd020ce2580
  subpackages:
  - lib/go/thrift
- name: github.com/bmizerany/perks
  version: d9a9656a3a4b1c2864fdb44db2ef8619772d92aa
  subpackages:
  - quantile
- name: github.com/cactus/go-statsd-client
  version: d8eabe07bc70ff9ba6a56836cde99d1ea3d005f7
  subpackages:
  - statsd
- name: github.com/crossdock/crossdock-go
  version: 049aabb0122b03bc9bd30cab8f3f91fb60166361
  subpackages:
  - assert
  - require
- name: github.com/davecgh/go-spew
  version: 346938d642f2ec3594ed81d874461961cd0faa76
  subpackages:
  - spew
- name: github.com/jessevdk/go-flags
  version: 4e64e4a4e2552194cf594243e23aa9baf3b4297e
- name: github.com/opentracing/opentracing-go
  version: 5e5abf838007b08f96ae057bc182636a178da0b9
  subpackages:
  - ext
  - log
  - mocktracer
- name: github.com/pmezard/go-difflib
  version: 792786c7400a136282c1664665ae0a8db921c6c2
  subpackages:
  - difflib
- name: github.com/prashantv/protectmem
  version: d0cabd7ce64237b84414449086fa42810ae01a92
- name: github.com/samuel/go-thrift
  version: e9042807f4f5bf47563df6992d3ea0857313e2be
  subpackages:
  - parser
- name: github.com/streadway/quantile
  version: b0c588724d25ae13f5afb3d90efec0edc636432b
- name: github.com/stretchr/objx
  version: 1a9d0bb9f541897e62256577b352fdbc1fb4fd94
- name: github.com/stretchr/testify
  version: 2402e8e7a02fc811447d11f881aa9746cdc57983
  subpackages:
  - assert
  - mock
  - require
- name: github.com/uber-go/atomic
  version: 3b8db5e93c4c02efbc313e17b2e796b0914a01fb
- name: github.com/uber/jaeger-client-go
  version: f424dfca4cd0a040ee8a28976f422aed25771b4a
  subpackages:
  - internal/spanlog
  - thrift-gen/agent
  - thrift-gen/sampling
  - thrift-gen/zipkincore
  - transport
  - utils
- name: golang.org/x/net
  version: 77412025ac6f6821b4938edeb45af939de5cccec
  subpackages:
  - context
  - context/ctxhttp
- name: gopkg.in/yaml.v2
  version: a5b47d31c556af34a302ce5d659e6fea44d90de0
testImports: []
