hash: d31ec6ead6d7ef0b272aa06e3fb8dd9658f4f122716ae6c78048c02a9a652b8c
updated: 2017-06-12T21:54:41.215202046-07:00
imports:
- name: github.com/apache/thrift
  version: b8ee72de5bf9318d50846852082325d0f932682b
  subpackages:
  - lib/go/thrift
- name: github.com/bmizerany/perks
  version: d9a9656a3a4b1c2864fdb44db2ef8619772d92aa
  subpackages:
  - quantile
- name: github.com/cactus/go-statsd-client
  version: 1139cdac1a56e404b5382e3a3503a2c587d2c0c3
  subpackages:
  - statsd
- name: github.com/codahale/hdrhistogram
  version: f8ad88b59a584afeee9d334eff879b104439117b
- name: github.com/crossdock/crossdock-go
  version: 049aabb0122b03bc9bd30cab8f3f91fb60166361
  subpackages:
  - assert
  - require
- name: github.com/davecgh/go-spew
  version: 346938d642f2ec3594ed81d874461961cd0faa76
  subpackages:
  - spew
- name: github.com/jessevdk/go-flags
  version: 5695738f733662da3e9afc2283bba6f3c879002d
- name: github.com/opentracing/opentracing-go
  version: 1949ddbfd147afd4d964a9f00b24eb291e0e7c38
  subpackages:
  - ext
  - log
  - mocktracer
- name: github.com/pmezard/go-difflib
  version: 792786c7400a136282c1664665ae0a8db921c6c2
  subpackages:
  - difflib
- name: github.com/prashantv/protectmem
  version: d0cabd7ce64237b84414449086fa42810ae01a92
- name: github.com/samuel/go-thrift
  version: e9042807f4f5bf47563df6992d3ea0857313e2be
  subpackages:
  - parser
- name: github.com/streadway/quantile
  version: b0c588724d25ae13f5afb3d90efec0edc636432b
- name: github.com/stretchr/objx
  version: 1a9d0bb9f541897e62256577b352fdbc1fb4fd94
- name: github.com/stretchr/testify
  version: f6abca593680b2315d2075e0f5e2a9751e3f431a
  subpackages:
  - assert
  - mock
  - require
- name: github.com/uber-go/atomic
  version: 0c9e689d64f004564b79d9a663634756df322902
- name: github.com/uber/jaeger-client-go
  version: d109b2b5e39041472cd9f187b50f575e9c49b1da
  subpackages:
  - internal/spanlog
  - log
  - thrift-gen/agent
  - thrift-gen/jaeger
  - thrift-gen/sampling
  - thrift-gen/zipkincore
  - utils
- name: github.com/uber/jaeger-lib
  version: b9a0fa4923ad750facbd5a4b93fc6d450bc45ccc
  subpackages:
  - metrics
- name: golang.org/x/net
  version: 9c9a3f3e9f9c5c5b124354c89f615e418c7d3537
  subpackages:
  - bpf
  - context
  - context/ctxhttp
  - internal/iana
  - internal/socket
  - ipv4
  - ipv6
- name: gopkg.in/yaml.v2
  version: cd8b52f8269e0feb286dfeef29f8fe4d5b397e0b
testImports: []
